
Microsoft Visual Studio Solution File, Format Version 12.00
# Visual Studio Version 17
VisualStudioVersion = 17.10.35004.147
MinimumVisualStudioVersion = 10.0.40219.1
Project("{9A19103F-16F7-4668-BE54-9A1E7A4F7556}") = "EEKDotNetCore.ConsoleApp", "EEKDotNetCore.ConsoleApp\EEKDotNetCore.ConsoleApp.csproj", "{F0569F50-F3E4-4FCA-8C73-BDF35D0885FA}"
EndProject
Project("{2150E333-8FDC-42A3-9474-1A3956D46DE8}") = "Document", "Document", "{C9013CAA-55C9-4710-8561-7E55C32B9049}"
	ProjectSection(SolutionItems) = preProject
		README.md = README.md
	EndProjectSection
EndProject
Project("{9A19103F-16F7-4668-BE54-9A1E7A4F7556}") = "EEKDotNetCore.Database", "EEKDotNetCore.Database\EEKDotNetCore.Database.csproj", "{B623577A-204C-4D41-9618-B187F6E5660C}"
EndProject
Project("{9A19103F-16F7-4668-BE54-9A1E7A4F7556}") = "EEKDotNetCore.ConsoleApp2", "EEKDotNetCore.ConsoleApp2\EEKDotNetCore.ConsoleApp2.csproj", "{32BD3CE4-97E6-433E-91E4-B3AB032736F6}"
EndProject
Project("{9A19103F-16F7-4668-BE54-9A1E7A4F7556}") = "EEKDotNetCore.RestApi", "EEKDotNetCore.RestApi\EEKDotNetCore.RestApi.csproj", "{CBDB32C8-6ED9-4B1C-B6FB-99051185EE12}"
EndProject
Project("{FAE04EC0-301F-11D3-BF4B-00C04F79EFBC}") = "EEKDotNetCore.MinimalApi", "EEKDotNetCore.MinimalApi\EEKDotNetCore.MinimalApi.csproj", "{4F6B9CEF-0398-43D8-9ED0-E06FCE25F530}"
EndProject
Project("{FAE04EC0-301F-11D3-BF4B-00C04F79EFBC}") = "EEKDotNetCore.BirdMinimalApi", "EEKDotNetCore.BirdMinimalApi\EEKDotNetCore.BirdMinimalApi.csproj", "{3BB09DBC-6C6A-4E5D-99A0-027DC27A8257}"
EndProject
Project("{FAE04EC0-301F-11D3-BF4B-00C04F79EFBC}") = "EEKDotNetCore.PickAPileApi", "EEKDotNetCore.PickAPileApi\EEKDotNetCore.PickAPileApi.csproj", "{1D54E492-D9CC-48D1-A13D-94EAACB748D9}"
EndProject
Global
	GlobalSection(SolutionConfigurationPlatforms) = preSolution
		Debug|Any CPU = Debug|Any CPU
		Release|Any CPU = Release|Any CPU
	EndGlobalSection
	GlobalSection(ProjectConfigurationPlatforms) = postSolution
		{F0569F50-F3E4-4FCA-8C73-BDF35D0885FA}.Debug|Any CPU.ActiveCfg = Debug|Any CPU
		{F0569F50-F3E4-4FCA-8C73-BDF35D0885FA}.Debug|Any CPU.Build.0 = Debug|Any CPU
		{F0569F50-F3E4-4FCA-8C73-BDF35D0885FA}.Release|Any CPU.ActiveCfg = Release|Any CPU
		{F0569F50-F3E4-4FCA-8C73-BDF35D0885FA}.Release|Any CPU.Build.0 = Release|Any CPU
		{B623577A-204C-4D41-9618-B187F6E5660C}.Debug|Any CPU.ActiveCfg = Debug|Any CPU
		{B623577A-204C-4D41-9618-B187F6E5660C}.Debug|Any CPU.Build.0 = Debug|Any CPU
		{B623577A-204C-4D41-9618-B187F6E5660C}.Release|Any CPU.ActiveCfg = Release|Any CPU
		{B623577A-204C-4D41-9618-B187F6E5660C}.Release|Any CPU.Build.0 = Release|Any CPU
		{32BD3CE4-97E6-433E-91E4-B3AB032736F6}.Debug|Any CPU.ActiveCfg = Debug|Any CPU
		{32BD3CE4-97E6-433E-91E4-B3AB032736F6}.Debug|Any CPU.Build.0 = Debug|Any CPU
		{32BD3CE4-97E6-433E-91E4-B3AB032736F6}.Release|Any CPU.ActiveCfg = Release|Any CPU
		{32BD3CE4-97E6-433E-91E4-B3AB032736F6}.Release|Any CPU.Build.0 = Release|Any CPU
		{CBDB32C8-6ED9-4B1C-B6FB-99051185EE12}.Debug|Any CPU.ActiveCfg = Debug|Any CPU
		{CBDB32C8-6ED9-4B1C-B6FB-99051185EE12}.Debug|Any CPU.Build.0 = Debug|Any CPU
		{CBDB32C8-6ED9-4B1C-B6FB-99051185EE12}.Release|Any CPU.ActiveCfg = Release|Any CPU
		{CBDB32C8-6ED9-4B1C-B6FB-99051185EE12}.Release|Any CPU.Build.0 = Release|Any CPU
		{4F6B9CEF-0398-43D8-9ED0-E06FCE25F530}.Debug|Any CPU.ActiveCfg = Debug|Any CPU
		{4F6B9CEF-0398-43D8-9ED0-E06FCE25F530}.Debug|Any CPU.Build.0 = Debug|Any CPU
		{4F6B9CEF-0398-43D8-9ED0-E06FCE25F530}.Release|Any CPU.ActiveCfg = Release|Any CPU
		{4F6B9CEF-0398-43D8-9ED0-E06FCE25F530}.Release|Any CPU.Build.0 = Release|Any CPU
		{3BB09DBC-6C6A-4E5D-99A0-027DC27A8257}.Debug|Any CPU.ActiveCfg = Debug|Any CPU
		{3BB09DBC-6C6A-4E5D-99A0-027DC27A8257}.Debug|Any CPU.Build.0 = Debug|Any CPU
		{3BB09DBC-6C6A-4E5D-99A0-027DC27A8257}.Release|Any CPU.ActiveCfg = Release|Any CPU
		{3BB09DBC-6C6A-4E5D-99A0-027DC27A8257}.Release|Any CPU.Build.0 = Release|Any CPU
		{1D54E492-D9CC-48D1-A13D-94EAACB748D9}.Debug|Any CPU.ActiveCfg = Debug|Any CPU
		{1D54E492-D9CC-48D1-A13D-94EAACB748D9}.Debug|Any CPU.Build.0 = Debug|Any CPU
		{1D54E492-D9CC-48D1-A13D-94EAACB748D9}.Release|Any CPU.ActiveCfg = Release|Any CPU
		{1D54E492-D9CC-48D1-A13D-94EAACB748D9}.Release|Any CPU.Build.0 = Release|Any CPU
	EndGlobalSection
	GlobalSection(SolutionProperties) = preSolution
		HideSolutionNode = FALSE
	EndGlobalSection
	GlobalSection(ExtensibilityGlobals) = postSolution
		SolutionGuid = {0F8C823D-6E54-4F34-8881-0D10360B031F}
	EndGlobalSection
EndGlobal
